// !$*UTF8*$!
{
	archiveVersion = 1;
	classes = {
	};
	objectVersion = 46;
	objects = {

/* Begin PBXBuildFile section */
		7912E4831D41A82D005D544B /* AppDelegate.swift in Sources */ = {isa = PBXBuildFile; fileRef = 7912E4821D41A82D005D544B /* AppDelegate.swift */; };
		7912E4851D41A82D005D544B /* ViewController.swift in Sources */ = {isa = PBXBuildFile; fileRef = 7912E4841D41A82D005D544B /* ViewController.swift */; };
		7912E4881D41A82D005D544B /* Main.storyboard in Resources */ = {isa = PBXBuildFile; fileRef = 7912E4861D41A82D005D544B /* Main.storyboard */; };
		7912E48A1D41A82D005D544B /* Assets.xcassets in Resources */ = {isa = PBXBuildFile; fileRef = 7912E4891D41A82D005D544B /* Assets.xcassets */; };
		7912E48D1D41A82D005D544B /* LaunchScreen.storyboard in Resources */ = {isa = PBXBuildFile; fileRef = 7912E48B1D41A82D005D544B /* LaunchScreen.storyboard */; };
		7912E4961D41B2B0005D544B /* butterfly.png in Resources */ = {isa = PBXBuildFile; fileRef = 7912E4951D41B2B0005D544B /* butterfly.png */; };
		7912E49C1D41BD39005D544B /* OperationFrameViewController.swift in Sources */ = {isa = PBXBuildFile; fileRef = 7912E49A1D41BD39005D544B /* OperationFrameViewController.swift */; };
		7912E49D1D41BD39005D544B /* OperationFrameViewController.xib in Resources */ = {isa = PBXBuildFile; fileRef = 7912E49B1D41BD39005D544B /* OperationFrameViewController.xib */; };
		79C6EBC01D46DD87002A955B /* FrameHandleViewController.swift in Sources */ = {isa = PBXBuildFile; fileRef = 79C6EBBE1D46DD87002A955B /* FrameHandleViewController.swift */; };
		79C6EBC11D46DD87002A955B /* FrameHandleViewController.xib in Resources */ = {isa = PBXBuildFile; fileRef = 79C6EBBF1D46DD87002A955B /* FrameHandleViewController.xib */; };
		79C6EBC31D4703BA002A955B /* FrameHandlePointViewController.swift in Sources */ = {isa = PBXBuildFile; fileRef = 79C6EBC21D4703BA002A955B /* FrameHandlePointViewController.swift */; };
		79C6EBC61D47173E002A955B /* item_rotation.png in Resources */ = {isa = PBXBuildFile; fileRef = 79C6EBC41D47173E002A955B /* item_rotation.png */; };
		79C6EBC71D47173E002A955B /* item_rotation@2x.png in Resources */ = {isa = PBXBuildFile; fileRef = 79C6EBC51D47173E002A955B /* item_rotation@2x.png */; };
		79C6EBC91D472E38002A955B /* ForLayoutImageView.swift in Sources */ = {isa = PBXBuildFile; fileRef = 79C6EBC81D472E38002A955B /* ForLayoutImageView.swift */; };
/* End PBXBuildFile section */

/* Begin PBXFileReference section */
		7912E47F1D41A82D005D544B /* GraphicPlacement.app */ = {isa = PBXFileReference; explicitFileType = wrapper.application; includeInIndex = 0; path = GraphicPlacement.app; sourceTree = BUILT_PRODUCTS_DIR; };
		7912E4821D41A82D005D544B /* AppDelegate.swift */ = {isa = PBXFileReference; lastKnownFileType = sourcecode.swift; path = AppDelegate.swift; sourceTree = "<group>"; };
		7912E4841D41A82D005D544B /* ViewController.swift */ = {isa = PBXFileReference; lastKnownFileType = sourcecode.swift; path = ViewController.swift; sourceTree = "<group>"; };
		7912E4871D41A82D005D544B /* Base */ = {isa = PBXFileReference; lastKnownFileType = file.storyboard; name = Base; path = Base.lproj/Main.storyboard; sourceTree = "<group>"; };
		7912E4891D41A82D005D544B /* Assets.xcassets */ = {isa = PBXFileReference; lastKnownFileType = folder.assetcatalog; path = Assets.xcassets; sourceTree = "<group>"; };
		7912E48C1D41A82D005D544B /* Base */ = {isa = PBXFileReference; lastKnownFileType = file.storyboard; name = Base; path = Base.lproj/LaunchScreen.storyboard; sourceTree = "<group>"; };
		7912E48E1D41A82D005D544B /* Info.plist */ = {isa = PBXFileReference; lastKnownFileType = text.plist.xml; path = Info.plist; sourceTree = "<group>"; };
		7912E4951D41B2B0005D544B /* butterfly.png */ = {isa = PBXFileReference; lastKnownFileType = image.png; name = butterfly.png; path = images/butterfly.png; sourceTree = "<group>"; };
		7912E49A1D41BD39005D544B /* OperationFrameViewController.swift */ = {isa = PBXFileReference; fileEncoding = 4; lastKnownFileType = sourcecode.swift; path = OperationFrameViewController.swift; sourceTree = "<group>"; };
		7912E49B1D41BD39005D544B /* OperationFrameViewController.xib */ = {isa = PBXFileReference; fileEncoding = 4; lastKnownFileType = file.xib; path = OperationFrameViewController.xib; sourceTree = "<group>"; };
		79C6EBBE1D46DD87002A955B /* FrameHandleViewController.swift */ = {isa = PBXFileReference; fileEncoding = 4; lastKnownFileType = sourcecode.swift; path = FrameHandleViewController.swift; sourceTree = "<group>"; };
		79C6EBBF1D46DD87002A955B /* FrameHandleViewController.xib */ = {isa = PBXFileReference; fileEncoding = 4; lastKnownFileType = file.xib; path = FrameHandleViewController.xib; sourceTree = "<group>"; };
		79C6EBC21D4703BA002A955B /* FrameHandlePointViewController.swift */ = {isa = PBXFileReference; fileEncoding = 4; lastKnownFileType = sourcecode.swift; path = FrameHandlePointViewController.swift; sourceTree = "<group>"; };
		79C6EBC41D47173E002A955B /* item_rotation.png */ = {isa = PBXFileReference; lastKnownFileType = image.png; name = item_rotation.png; path = images/item_rotation.png; sourceTree = "<group>"; };
		79C6EBC51D47173E002A955B /* item_rotation@2x.png */ = {isa = PBXFileReference; lastKnownFileType = image.png; name = "item_rotation@2x.png"; path = "images/item_rotation@2x.png"; sourceTree = "<group>"; };
		79C6EBC81D472E38002A955B /* ForLayoutImageView.swift */ = {isa = PBXFileReference; fileEncoding = 4; lastKnownFileType = sourcecode.swift; path = ForLayoutImageView.swift; sourceTree = "<group>"; };
/* End PBXFileReference section */

/* Begin PBXFrameworksBuildPhase section */
		7912E47C1D41A82D005D544B /* Frameworks */ = {
			isa = PBXFrameworksBuildPhase;
			buildActionMask = 2147483647;
			files = (
			);
			runOnlyForDeploymentPostprocessing = 0;
		};
/* End PBXFrameworksBuildPhase section */

/* Begin PBXGroup section */
		7912E4761D41A82D005D544B = {
			isa = PBXGroup;
			children = (
				7912E4811D41A82D005D544B /* GraphicPlacement */,
				7912E4801D41A82D005D544B /* Products */,
			);
			sourceTree = "<group>";
		};
		7912E4801D41A82D005D544B /* Products */ = {
			isa = PBXGroup;
			children = (
				7912E47F1D41A82D005D544B /* GraphicPlacement.app */,
			);
			name = Products;
			sourceTree = "<group>";
		};
		7912E4811D41A82D005D544B /* GraphicPlacement */ = {
			isa = PBXGroup;
			children = (
				7912E4941D41B29F005D544B /* images */,
				7912E4821D41A82D005D544B /* AppDelegate.swift */,
				7912E4841D41A82D005D544B /* ViewController.swift */,
				7912E4861D41A82D005D544B /* Main.storyboard */,
				7912E4891D41A82D005D544B /* Assets.xcassets */,
				7912E48B1D41A82D005D544B /* LaunchScreen.storyboard */,
				7912E48E1D41A82D005D544B /* Info.plist */,
				7912E49A1D41BD39005D544B /* OperationFrameViewController.swift */,
				7912E49B1D41BD39005D544B /* OperationFrameViewController.xib */,
				79C6EBBE1D46DD87002A955B /* FrameHandleViewController.swift */,
				79C6EBBF1D46DD87002A955B /* FrameHandleViewController.xib */,
				79C6EBC21D4703BA002A955B /* FrameHandlePointViewController.swift */,
				79C6EBC81D472E38002A955B /* ForLayoutImageView.swift */,
			);
			path = GraphicPlacement;
			sourceTree = "<group>";
		};
		7912E4941D41B29F005D544B /* images */ = {
			isa = PBXGroup;
			children = (
				79C6EBC41D47173E002A955B /* item_rotation.png */,
				79C6EBC51D47173E002A955B /* item_rotation@2x.png */,
				7912E4951D41B2B0005D544B /* butterfly.png */,
			);
			name = images;
			sourceTree = "<group>";
		};
/* End PBXGroup section */

/* Begin PBXNativeTarget section */
		7912E47E1D41A82D005D544B /* GraphicPlacement */ = {
			isa = PBXNativeTarget;
			buildConfigurationList = 7912E4911D41A82D005D544B /* Build configuration list for PBXNativeTarget "GraphicPlacement" */;
			buildPhases = (
				7912E47B1D41A82D005D544B /* Sources */,
				7912E47C1D41A82D005D544B /* Frameworks */,
				7912E47D1D41A82D005D544B /* Resources */,
			);
			buildRules = (
			);
			dependencies = (
			);
			name = GraphicPlacement;
			productName = GraphicPlacement;
			productReference = 7912E47F1D41A82D005D544B /* GraphicPlacement.app */;
			productType = "com.apple.product-type.application";
		};
/* End PBXNativeTarget section */

/* Begin PBXProject section */
		7912E4771D41A82D005D544B /* Project object */ = {
			isa = PBXProject;
			attributes = {
				LastSwiftUpdateCheck = 0730;
				LastUpgradeCheck = 0730;
				ORGANIZATIONNAME = "Grand Desgin Co., Ltd.";
				TargetAttributes = {
					7912E47E1D41A82D005D544B = {
						CreatedOnToolsVersion = 7.3.1;
					};
				};
			};
			buildConfigurationList = 7912E47A1D41A82D005D544B /* Build configuration list for PBXProject "GraphicPlacement" */;
			compatibilityVersion = "Xcode 3.2";
			developmentRegion = English;
			hasScannedForEncodings = 0;
			knownRegions = (
				en,
				Base,
			);
			mainGroup = 7912E4761D41A82D005D544B;
			productRefGroup = 7912E4801D41A82D005D544B /* Products */;
			projectDirPath = "";
			projectRoot = "";
			targets = (
				7912E47E1D41A82D005D544B /* GraphicPlacement */,
			);
		};
/* End PBXProject section */

/* Begin PBXResourcesBuildPhase section */
		7912E47D1D41A82D005D544B /* Resources */ = {
			isa = PBXResourcesBuildPhase;
			buildActionMask = 2147483647;
			files = (
				7912E48D1D41A82D005D544B /* LaunchScreen.storyboard in Resources */,
				7912E4961D41B2B0005D544B /* butterfly.png in Resources */,
				79C6EBC11D46DD87002A955B /* FrameHandleViewController.xib in Resources */,
				7912E49D1D41BD39005D544B /* OperationFrameViewController.xib in Resources */,
				7912E48A1D41A82D005D544B /* Assets.xcassets in Resources */,
				79C6EBC61D47173E002A955B /* item_rotation.png in Resources */,
				7912E4881D41A82D005D544B /* Main.storyboard in Resources */,
				79C6EBC71D47173E002A955B /* item_rotation@2x.png in Resources */,
			);
			runOnlyForDeploymentPostprocessing = 0;
		};
/* End PBXResourcesBuildPhase section */

/* Begin PBXSourcesBuildPhase section */
		7912E47B1D41A82D005D544B /* Sources */ = {
			isa = PBXSourcesBuildPhase;
			buildActionMask = 2147483647;
			files = (
				79C6EBC91D472E38002A955B /* ForLayoutImageView.swift in Sources */,
				79C6EBC01D46DD87002A955B /* FrameHandleViewController.swift in Sources */,
				7912E49C1D41BD39005D544B /* OperationFrameViewController.swift in Sources */,
				79C6EBC31D4703BA002A955B /* FrameHandlePointViewController.swift in Sources */,
				7912E4851D41A82D005D544B /* ViewController.swift in Sources */,
				7912E4831D41A82D005D544B /* AppDelegate.swift in Sources */,
			);
			runOnlyForDeploymentPostprocessing = 0;
		};
/* End PBXSourcesBuildPhase section */

/* Begin PBXVariantGroup section */
		7912E4861D41A82D005D544B /* Main.storyboard */ = {
			isa = PBXVariantGroup;
			children = (
				7912E4871D41A82D005D544B /* Base */,
			);
			name = Main.storyboard;
			sourceTree = "<group>";
		};
		7912E48B1D41A82D005D544B /* LaunchScreen.storyboard */ = {
			isa = PBXVariantGroup;
			children = (
				7912E48C1D41A82D005D544B /* Base */,
			);
			name = LaunchScreen.storyboard;
			sourceTree = "<group>";
		};
/* End PBXVariantGroup section */

/* Begin XCBuildConfiguration section */
		7912E48F1D41A82D005D544B /* Debug */ = {
			isa = XCBuildConfiguration;
			buildSettings = {
				ALWAYS_SEARCH_USER_PATHS = NO;
				CLANG_ANALYZER_NONNULL = YES;
				CLANG_CXX_LANGUAGE_STANDARD = "gnu++0x";
				CLANG_CXX_LIBRARY = "libc++";
				CLANG_ENABLE_MODULES = YES;
				CLANG_ENABLE_OBJC_ARC = YES;
				CLANG_WARN_BOOL_CONVERSION = YES;
				CLANG_WARN_CONSTANT_CONVERSION = YES;
				CLANG_WARN_DIRECT_OBJC_ISA_USAGE = YES_ERROR;
				CLANG_WARN_EMPTY_BODY = YES;
				CLANG_WARN_ENUM_CONVERSION = YES;
				CLANG_WARN_INT_CONVERSION = YES;
				CLANG_WARN_OBJC_ROOT_CLASS = YES_ERROR;
				CLANG_WARN_UNREACHABLE_CODE = YES;
				CLANG_WARN__DUPLICATE_METHOD_MATCH = YES;
				"CODE_SIGN_IDENTITY[sdk=iphoneos*]" = "iPhone Developer";
				COPY_PHASE_STRIP = NO;
				DEBUG_INFORMATION_FORMAT = dwarf;
				ENABLE_STRICT_OBJC_MSGSEND = YES;
				ENABLE_TESTABILITY = YES;
				GCC_C_LANGUAGE_STANDARD = gnu99;
				GCC_DYNAMIC_NO_PIC = NO;
				GCC_NO_COMMON_BLOCKS = YES;
				GCC_OPTIMIZATION_LEVEL = 0;
				GCC_PREPROCESSOR_DEFINITIONS = (
					"DEBUG=1",
					"$(inherited)",
				);
				GCC_WARN_64_TO_32_BIT_CONVERSION = YES;
				GCC_WARN_ABOUT_RETURN_TYPE = YES_ERROR;
				GCC_WARN_UNDECLARED_SELECTOR = YES;
				GCC_WARN_UNINITIALIZED_AUTOS = YES_AGGRESSIVE;
				GCC_WARN_UNUSED_FUNCTION = YES;
				GCC_WARN_UNUSED_VARIABLE = YES;
				IPHONEOS_DEPLOYMENT_TARGET = 9.3;
				MTL_ENABLE_DEBUG_INFO = YES;
				ONLY_ACTIVE_ARCH = YES;
				SDKROOT = iphoneos;
				SWIFT_OPTIMIZATION_LEVEL = "-Onone";
				TARGETED_DEVICE_FAMILY = 2;
			};
			name = Debug;
		};
		7912E4901D41A82D005D544B /* Release */ = {
			isa = XCBuildConfiguration;
			buildSettings = {
				ALWAYS_SEARCH_USER_PATHS = NO;
				CLANG_ANALYZER_NONNULL = YES;
				CLANG_CXX_LANGUAGE_STANDARD = "gnu++0x";
				CLANG_CXX_LIBRARY = "libc++";
				CLANG_ENABLE_MODULES = YES;
				CLANG_ENABLE_OBJC_ARC = YES;
				CLANG_WARN_BOOL_CONVERSION = YES;
				CLANG_WARN_CONSTANT_CONVERSION = YES;
				CLANG_WARN_DIRECT_OBJC_ISA_USAGE = YES_ERROR;
				CLANG_WARN_EMPTY_BODY = YES;
				CLANG_WARN_ENUM_CONVERSION = YES;
				CLANG_WARN_INT_CONVERSION = YES;
				CLANG_WARN_OBJC_ROOT_CLASS = YES_ERROR;
				CLANG_WARN_UNREACHABLE_CODE = YES;
				CLANG_WARN__DUPLICATE_METHOD_MATCH = YES;
				"CODE_SIGN_IDENTITY[sdk=iphoneos*]" = "iPhone Developer";
				COPY_PHASE_STRIP = NO;
				DEBUG_INFORMATION_FORMAT = "dwarf-with-dsym";
				ENABLE_NS_ASSERTIONS = NO;
				ENABLE_STRICT_OBJC_MSGSEND = YES;
				GCC_C_LANGUAGE_STANDARD = gnu99;
				GCC_NO_COMMON_BLOCKS = YES;
				GCC_WARN_64_TO_32_BIT_CONVERSION = YES;
				GCC_WARN_ABOUT_RETURN_TYPE = YES_ERROR;
				GCC_WARN_UNDECLARED_SELECTOR = YES;
				GCC_WARN_UNINITIALIZED_AUTOS = YES_AGGRESSIVE;
				GCC_WARN_UNUSED_FUNCTION = YES;
				GCC_WARN_UNUSED_VARIABLE = YES;
				IPHONEOS_DEPLOYMENT_TARGET = 9.3;
				MTL_ENABLE_DEBUG_INFO = NO;
				SDKROOT = iphoneos;
				TARGETED_DEVICE_FAMILY = 2;
				VALIDATE_PRODUCT = YES;
			};
			name = Release;
		};
		7912E4921D41A82D005D544B /* Debug */ = {
			isa = XCBuildConfiguration;
			buildSettings = {
				ASSETCATALOG_COMPILER_APPICON_NAME = AppIcon;
				CODE_SIGN_IDENTITY = "iPhone Developer";
				"CODE_SIGN_IDENTITY[sdk=iphoneos*]" = "iPhone Developer";
				INFOPLIST_FILE = GraphicPlacement/Info.plist;
				LD_RUNPATH_SEARCH_PATHS = "$(inherited) @executable_path/Frameworks";
				PRODUCT_BUNDLE_IDENTIFIER = "me.toshi-sv.GraphicPlacement";
				PRODUCT_NAME = "$(TARGET_NAME)";
				PROVISIONING_PROFILE = "";
			};
			name = Debug;
		};
		7912E4931D41A82D005D544B /* Release */ = {
			isa = XCBuildConfiguration;
			buildSettings = {
				ASSETCATALOG_COMPILER_APPICON_NAME = AppIcon;
				CODE_SIGN_IDENTITY = "iPhone Developer";
				"CODE_SIGN_IDENTITY[sdk=iphoneos*]" = "iPhone Developer";
				INFOPLIST_FILE = GraphicPlacement/Info.plist;
				LD_RUNPATH_SEARCH_PATHS = "$(inherited) @executable_path/Frameworks";
				PRODUCT_BUNDLE_IDENTIFIER = "me.toshi-sv.GraphicPlacement";
				PRODUCT_NAME = "$(TARGET_NAME)";
				PROVISIONING_PROFILE = "";
			};
			name = Release;
		};
/* End XCBuildConfiguration section */

/* Begin XCConfigurationList section */
		7912E47A1D41A82D005D544B /* Build configuration list for PBXProject "GraphicPlacement" */ = {
			isa = XCConfigurationList;
			buildConfigurations = (
				7912E48F1D41A82D005D544B /* Debug */,
				7912E4901D41A82D005D544B /* Release */,
			);
			defaultConfigurationIsVisible = 0;
			defaultConfigurationName = Release;
		};
		7912E4911D41A82D005D544B /* Build configuration list for PBXNativeTarget "GraphicPlacement" */ = {
			isa = XCConfigurationList;
			buildConfigurations = (
				7912E4921D41A82D005D544B /* Debug */,
				7912E4931D41A82D005D544B /* Release */,
			);
			defaultConfigurationIsVisible = 0;
			defaultConfigurationName = Release;
		};
/* End XCConfigurationList section */
	};
	rootObject = 7912E4771D41A82D005D544B /* Project object */;
}
